// !$*UTF8*$!
{
	archiveVersion = 1;
	classes = {
	};
	objectVersion = 50;
	objects = {

/* Begin PBXBuildFile section */
		3BE4A1478030EFF916B8B2CD /* libPods-HFNetworkDemoTests.a in Frameworks */ = {isa = PBXBuildFile; fileRef = C38240C107074C2DE4C27CE1 /* libPods-HFNetworkDemoTests.a */; };
		4BE5A51403604EBB115A518D /* libPods-HFNetworkDemoUITests.a in Frameworks */ = {isa = PBXBuildFile; fileRef = EF9B269FCCDAC4B86C778C35 /* libPods-HFNetworkDemoUITests.a */; };
		A7CD0B7721496EF700F9D3AA /* AppDelegate.m in Sources */ = {isa = PBXBuildFile; fileRef = A7CD0B7621496EF700F9D3AA /* AppDelegate.m */; };
		A7CD0B7A21496EF700F9D3AA /* ViewController.m in Sources */ = {isa = PBXBuildFile; fileRef = A7CD0B7921496EF700F9D3AA /* ViewController.m */; };
		A7CD0B7D21496EF700F9D3AA /* Main.storyboard in Resources */ = {isa = PBXBuildFile; fileRef = A7CD0B7B21496EF700F9D3AA /* Main.storyboard */; };
		A7CD0B7F21496EF900F9D3AA /* Assets.xcassets in Resources */ = {isa = PBXBuildFile; fileRef = A7CD0B7E21496EF900F9D3AA /* Assets.xcassets */; };
		A7CD0B8221496EF900F9D3AA /* LaunchScreen.storyboard in Resources */ = {isa = PBXBuildFile; fileRef = A7CD0B8021496EF900F9D3AA /* LaunchScreen.storyboard */; };
		A7CD0B8521496EF900F9D3AA /* main.m in Sources */ = {isa = PBXBuildFile; fileRef = A7CD0B8421496EF900F9D3AA /* main.m */; };
		A7CD0B8F21496EF900F9D3AA /* HFNetworkDemoTests.m in Sources */ = {isa = PBXBuildFile; fileRef = A7CD0B8E21496EF900F9D3AA /* HFNetworkDemoTests.m */; };
		A7CD0B9A21496EF900F9D3AA /* HFNetworkDemoUITests.m in Sources */ = {isa = PBXBuildFile; fileRef = A7CD0B9921496EF900F9D3AA /* HFNetworkDemoUITests.m */; };
		A7CD0BAA214A1C1300F9D3AA /* HFNetworkManager.m in Sources */ = {isa = PBXBuildFile; fileRef = A7CD0BA9214A1C1300F9D3AA /* HFNetworkManager.m */; };
		A7CD0BAD214A2C7C00F9D3AA /* HFRequestModel.m in Sources */ = {isa = PBXBuildFile; fileRef = A7CD0BAC214A2C7C00F9D3AA /* HFRequestModel.m */; };
		A7CD0BB0214A2F1700F9D3AA /* HFMD5Convert.m in Sources */ = {isa = PBXBuildFile; fileRef = A7CD0BAF214A2F1700F9D3AA /* HFMD5Convert.m */; };
		A7CD0BB7214A3C7D00F9D3AA /* Foundation+Log.m in Sources */ = {isa = PBXBuildFile; fileRef = A7CD0BB6214A3C7D00F9D3AA /* Foundation+Log.m */; };
		A7CD0BBA214A463D00F9D3AA /* HFNetLocalCache.m in Sources */ = {isa = PBXBuildFile; fileRef = A7CD0BB9214A463D00F9D3AA /* HFNetLocalCache.m */; };
		A7CD0BBE214A5FD600F9D3AA /* AppDelegate+NetworkCache.m in Sources */ = {isa = PBXBuildFile; fileRef = A7CD0BBD214A5FD600F9D3AA /* AppDelegate+NetworkCache.m */; };
		A7CD0BC1214A603E00F9D3AA /* AppDelegate+NetworkException.m in Sources */ = {isa = PBXBuildFile; fileRef = A7CD0BC0214A603E00F9D3AA /* AppDelegate+NetworkException.m */; };
		C7D1AFB48411A94173F64AF8 /* libPods-HFNetworkDemo.a in Frameworks */ = {isa = PBXBuildFile; fileRef = 2CEC5264A45FAA49162FD065 /* libPods-HFNetworkDemo.a */; };
/* End PBXBuildFile section */

/* Begin PBXContainerItemProxy section */
		A7CD0B8B21496EF900F9D3AA /* PBXContainerItemProxy */ = {
			isa = PBXContainerItemProxy;
			containerPortal = A7CD0B6A21496EF700F9D3AA /* Project object */;
			proxyType = 1;
			remoteGlobalIDString = A7CD0B7121496EF700F9D3AA;
			remoteInfo = HFNetworkDemo;
		};
		A7CD0B9621496EF900F9D3AA /* PBXContainerItemProxy */ = {
			isa = PBXContainerItemProxy;
			containerPortal = A7CD0B6A21496EF700F9D3AA /* Project object */;
			proxyType = 1;
			remoteGlobalIDString = A7CD0B7121496EF700F9D3AA;
			remoteInfo = HFNetworkDemo;
		};
/* End PBXContainerItemProxy section */

/* Begin PBXFileReference section */
		18C333468D0BA6D0215C8ED4 /* Pods-HFNetworkDemoTests.release.xcconfig */ = {isa = PBXFileReference; includeInIndex = 1; lastKnownFileType = text.xcconfig; name = "Pods-HFNetworkDemoTests.release.xcconfig"; path = "Pods/Target Support Files/Pods-HFNetworkDemoTests/Pods-HFNetworkDemoTests.release.xcconfig"; sourceTree = "<group>"; };
		1A974BB4AE876C21B7ED7354 /* Pods-HFNetworkDemoUITests.release.xcconfig */ = {isa = PBXFileReference; includeInIndex = 1; lastKnownFileType = text.xcconfig; name = "Pods-HFNetworkDemoUITests.release.xcconfig"; path = "Pods/Target Support Files/Pods-HFNetworkDemoUITests/Pods-HFNetworkDemoUITests.release.xcconfig"; sourceTree = "<group>"; };
		2CEC5264A45FAA49162FD065 /* libPods-HFNetworkDemo.a */ = {isa = PBXFileReference; explicitFileType = archive.ar; includeInIndex = 0; path = "libPods-HFNetworkDemo.a"; sourceTree = BUILT_PRODUCTS_DIR; };
		635D31851FBF78CDF427C95B /* Pods-HFNetworkDemo.debug.xcconfig */ = {isa = PBXFileReference; includeInIndex = 1; lastKnownFileType = text.xcconfig; name = "Pods-HFNetworkDemo.debug.xcconfig"; path = "Pods/Target Support Files/Pods-HFNetworkDemo/Pods-HFNetworkDemo.debug.xcconfig"; sourceTree = "<group>"; };
		6E6C8F904502C5F1B36D991C /* Pods-HFNetworkDemoUITests.debug.xcconfig */ = {isa = PBXFileReference; includeInIndex = 1; lastKnownFileType = text.xcconfig; name = "Pods-HFNetworkDemoUITests.debug.xcconfig"; path = "Pods/Target Support Files/Pods-HFNetworkDemoUITests/Pods-HFNetworkDemoUITests.debug.xcconfig"; sourceTree = "<group>"; };
		A464F8D5305305787B8F7A11 /* Pods-HFNetworkDemoTests.debug.xcconfig */ = {isa = PBXFileReference; includeInIndex = 1; lastKnownFileType = text.xcconfig; name = "Pods-HFNetworkDemoTests.debug.xcconfig"; path = "Pods/Target Support Files/Pods-HFNetworkDemoTests/Pods-HFNetworkDemoTests.debug.xcconfig"; sourceTree = "<group>"; };
		A7CD0B7221496EF700F9D3AA /* HFNetworkDemo.app */ = {isa = PBXFileReference; explicitFileType = wrapper.application; includeInIndex = 0; path = HFNetworkDemo.app; sourceTree = BUILT_PRODUCTS_DIR; };
		A7CD0B7521496EF700F9D3AA /* AppDelegate.h */ = {isa = PBXFileReference; lastKnownFileType = sourcecode.c.h; path = AppDelegate.h; sourceTree = "<group>"; };
		A7CD0B7621496EF700F9D3AA /* AppDelegate.m */ = {isa = PBXFileReference; lastKnownFileType = sourcecode.c.objc; path = AppDelegate.m; sourceTree = "<group>"; };
		A7CD0B7821496EF700F9D3AA /* ViewController.h */ = {isa = PBXFileReference; lastKnownFileType = sourcecode.c.h; path = ViewController.h; sourceTree = "<group>"; };
		A7CD0B7921496EF700F9D3AA /* ViewController.m */ = {isa = PBXFileReference; lastKnownFileType = sourcecode.c.objc; path = ViewController.m; sourceTree = "<group>"; };
		A7CD0B7C21496EF700F9D3AA /* Base */ = {isa = PBXFileReference; lastKnownFileType = file.storyboard; name = Base; path = Base.lproj/Main.storyboard; sourceTree = "<group>"; };
		A7CD0B7E21496EF900F9D3AA /* Assets.xcassets */ = {isa = PBXFileReference; lastKnownFileType = folder.assetcatalog; path = Assets.xcassets; sourceTree = "<group>"; };
		A7CD0B8121496EF900F9D3AA /* Base */ = {isa = PBXFileReference; lastKnownFileType = file.storyboard; name = Base; path = Base.lproj/LaunchScreen.storyboard; sourceTree = "<group>"; };
		A7CD0B8321496EF900F9D3AA /* Info.plist */ = {isa = PBXFileReference; lastKnownFileType = text.plist.xml; path = Info.plist; sourceTree = "<group>"; };
		A7CD0B8421496EF900F9D3AA /* main.m */ = {isa = PBXFileReference; lastKnownFileType = sourcecode.c.objc; path = main.m; sourceTree = "<group>"; };
		A7CD0B8A21496EF900F9D3AA /* HFNetworkDemoTests.xctest */ = {isa = PBXFileReference; explicitFileType = wrapper.cfbundle; includeInIndex = 0; path = HFNetworkDemoTests.xctest; sourceTree = BUILT_PRODUCTS_DIR; };
		A7CD0B8E21496EF900F9D3AA /* HFNetworkDemoTests.m */ = {isa = PBXFileReference; lastKnownFileType = sourcecode.c.objc; path = HFNetworkDemoTests.m; sourceTree = "<group>"; };
		A7CD0B9021496EF900F9D3AA /* Info.plist */ = {isa = PBXFileReference; lastKnownFileType = text.plist.xml; path = Info.plist; sourceTree = "<group>"; };
		A7CD0B9521496EF900F9D3AA /* HFNetworkDemoUITests.xctest */ = {isa = PBXFileReference; explicitFileType = wrapper.cfbundle; includeInIndex = 0; path = HFNetworkDemoUITests.xctest; sourceTree = BUILT_PRODUCTS_DIR; };
		A7CD0B9921496EF900F9D3AA /* HFNetworkDemoUITests.m */ = {isa = PBXFileReference; lastKnownFileType = sourcecode.c.objc; path = HFNetworkDemoUITests.m; sourceTree = "<group>"; };
		A7CD0B9B21496EF900F9D3AA /* Info.plist */ = {isa = PBXFileReference; lastKnownFileType = text.plist.xml; path = Info.plist; sourceTree = "<group>"; };
		A7CD0BA8214A1C1300F9D3AA /* HFNetworkManager.h */ = {isa = PBXFileReference; lastKnownFileType = sourcecode.c.h; path = HFNetworkManager.h; sourceTree = "<group>"; };
		A7CD0BA9214A1C1300F9D3AA /* HFNetworkManager.m */ = {isa = PBXFileReference; lastKnownFileType = sourcecode.c.objc; path = HFNetworkManager.m; sourceTree = "<group>"; };
		A7CD0BAB214A2C7C00F9D3AA /* HFRequestModel.h */ = {isa = PBXFileReference; lastKnownFileType = sourcecode.c.h; path = HFRequestModel.h; sourceTree = "<group>"; };
		A7CD0BAC214A2C7C00F9D3AA /* HFRequestModel.m */ = {isa = PBXFileReference; lastKnownFileType = sourcecode.c.objc; path = HFRequestModel.m; sourceTree = "<group>"; };
		A7CD0BAE214A2F1700F9D3AA /* HFMD5Convert.h */ = {isa = PBXFileReference; lastKnownFileType = sourcecode.c.h; path = HFMD5Convert.h; sourceTree = "<group>"; };
		A7CD0BAF214A2F1700F9D3AA /* HFMD5Convert.m */ = {isa = PBXFileReference; lastKnownFileType = sourcecode.c.objc; path = HFMD5Convert.m; sourceTree = "<group>"; };
		A7CD0BB6214A3C7D00F9D3AA /* Foundation+Log.m */ = {isa = PBXFileReference; fileEncoding = 4; lastKnownFileType = sourcecode.c.objc; path = "Foundation+Log.m"; sourceTree = "<group>"; };
		A7CD0BB8214A463D00F9D3AA /* HFNetLocalCache.h */ = {isa = PBXFileReference; lastKnownFileType = sourcecode.c.h; path = HFNetLocalCache.h; sourceTree = "<group>"; };
		A7CD0BB9214A463D00F9D3AA /* HFNetLocalCache.m */ = {isa = PBXFileReference; lastKnownFileType = sourcecode.c.objc; path = HFNetLocalCache.m; sourceTree = "<group>"; };
		A7CD0BBC214A5FD600F9D3AA /* AppDelegate+NetworkCache.h */ = {isa = PBXFileReference; lastKnownFileType = sourcecode.c.h; path = "AppDelegate+NetworkCache.h"; sourceTree = "<group>"; };
		A7CD0BBD214A5FD600F9D3AA /* AppDelegate+NetworkCache.m */ = {isa = PBXFileReference; lastKnownFileType = sourcecode.c.objc; path = "AppDelegate+NetworkCache.m"; sourceTree = "<group>"; };
		A7CD0BBF214A603E00F9D3AA /* AppDelegate+NetworkException.h */ = {isa = PBXFileReference; lastKnownFileType = sourcecode.c.h; path = "AppDelegate+NetworkException.h"; sourceTree = "<group>"; };
		A7CD0BC0214A603E00F9D3AA /* AppDelegate+NetworkException.m */ = {isa = PBXFileReference; lastKnownFileType = sourcecode.c.objc; path = "AppDelegate+NetworkException.m"; sourceTree = "<group>"; };
		C38240C107074C2DE4C27CE1 /* libPods-HFNetworkDemoTests.a */ = {isa = PBXFileReference; explicitFileType = archive.ar; includeInIndex = 0; path = "libPods-HFNetworkDemoTests.a"; sourceTree = BUILT_PRODUCTS_DIR; };
		EF9B269FCCDAC4B86C778C35 /* libPods-HFNetworkDemoUITests.a */ = {isa = PBXFileReference; explicitFileType = archive.ar; includeInIndex = 0; path = "libPods-HFNetworkDemoUITests.a"; sourceTree = BUILT_PRODUCTS_DIR; };
		F278B767510D1716E2713F8C /* Pods-HFNetworkDemo.release.xcconfig */ = {isa = PBXFileReference; includeInIndex = 1; lastKnownFileType = text.xcconfig; name = "Pods-HFNetworkDemo.release.xcconfig"; path = "Pods/Target Support Files/Pods-HFNetworkDemo/Pods-HFNetworkDemo.release.xcconfig"; sourceTree = "<group>"; };
/* End PBXFileReference section */

/* Begin PBXFrameworksBuildPhase section */
		A7CD0B6F21496EF700F9D3AA /* Frameworks */ = {
			isa = PBXFrameworksBuildPhase;
			buildActionMask = 2147483647;
			files = (
				C7D1AFB48411A94173F64AF8 /* libPods-HFNetworkDemo.a in Frameworks */,
			);
			runOnlyForDeploymentPostprocessing = 0;
		};
		A7CD0B8721496EF900F9D3AA /* Frameworks */ = {
			isa = PBXFrameworksBuildPhase;
			buildActionMask = 2147483647;
			files = (
				3BE4A1478030EFF916B8B2CD /* libPods-HFNetworkDemoTests.a in Frameworks */,
			);
			runOnlyForDeploymentPostprocessing = 0;
		};
		A7CD0B9221496EF900F9D3AA /* Frameworks */ = {
			isa = PBXFrameworksBuildPhase;
			buildActionMask = 2147483647;
			files = (
				4BE5A51403604EBB115A518D /* libPods-HFNetworkDemoUITests.a in Frameworks */,
			);
			runOnlyForDeploymentPostprocessing = 0;
		};
/* End PBXFrameworksBuildPhase section */

/* Begin PBXGroup section */
		82DC88E2EE3DC50BEC9A1ADC /* Pods */ = {
			isa = PBXGroup;
			children = (
				635D31851FBF78CDF427C95B /* Pods-HFNetworkDemo.debug.xcconfig */,
				F278B767510D1716E2713F8C /* Pods-HFNetworkDemo.release.xcconfig */,
				A464F8D5305305787B8F7A11 /* Pods-HFNetworkDemoTests.debug.xcconfig */,
				18C333468D0BA6D0215C8ED4 /* Pods-HFNetworkDemoTests.release.xcconfig */,
				6E6C8F904502C5F1B36D991C /* Pods-HFNetworkDemoUITests.debug.xcconfig */,
				1A974BB4AE876C21B7ED7354 /* Pods-HFNetworkDemoUITests.release.xcconfig */,
			);
			name = Pods;
			sourceTree = "<group>";
		};
		A7CD0B6921496EF700F9D3AA = {
			isa = PBXGroup;
			children = (
				A7CD0B7421496EF700F9D3AA /* HFNetworkDemo */,
				A7CD0B8D21496EF900F9D3AA /* HFNetworkDemoTests */,
				A7CD0B9821496EF900F9D3AA /* HFNetworkDemoUITests */,
				A7CD0B7321496EF700F9D3AA /* Products */,
				82DC88E2EE3DC50BEC9A1ADC /* Pods */,
				EF2E74EB640E46C2C31FDA1A /* Frameworks */,
			);
			sourceTree = "<group>";
		};
		A7CD0B7321496EF700F9D3AA /* Products */ = {
			isa = PBXGroup;
			children = (
				A7CD0B7221496EF700F9D3AA /* HFNetworkDemo.app */,
				A7CD0B8A21496EF900F9D3AA /* HFNetworkDemoTests.xctest */,
				A7CD0B9521496EF900F9D3AA /* HFNetworkDemoUITests.xctest */,
			);
			name = Products;
			sourceTree = "<group>";
		};
		A7CD0B7421496EF700F9D3AA /* HFNetworkDemo */ = {
			isa = PBXGroup;
			children = (
				A7CD0BBB214A5FAB00F9D3AA /* Network+hook */,
				A7CD0BA7214A1BD300F9D3AA /* HFNetwork */,
				A7CD0B7521496EF700F9D3AA /* AppDelegate.h */,
				A7CD0B7621496EF700F9D3AA /* AppDelegate.m */,
				A7CD0B7821496EF700F9D3AA /* ViewController.h */,
				A7CD0B7921496EF700F9D3AA /* ViewController.m */,
				A7CD0B7B21496EF700F9D3AA /* Main.storyboard */,
				A7CD0B7E21496EF900F9D3AA /* Assets.xcassets */,
				A7CD0B8021496EF900F9D3AA /* LaunchScreen.storyboard */,
				A7CD0B8321496EF900F9D3AA /* Info.plist */,
				A7CD0B8421496EF900F9D3AA /* main.m */,
			);
			path = HFNetworkDemo;
			sourceTree = "<group>";
		};
		A7CD0B8D21496EF900F9D3AA /* HFNetworkDemoTests */ = {
			isa = PBXGroup;
			children = (
				A7CD0B8E21496EF900F9D3AA /* HFNetworkDemoTests.m */,
				A7CD0B9021496EF900F9D3AA /* Info.plist */,
			);
			path = HFNetworkDemoTests;
			sourceTree = "<group>";
		};
		A7CD0B9821496EF900F9D3AA /* HFNetworkDemoUITests */ = {
			isa = PBXGroup;
			children = (
				A7CD0B9921496EF900F9D3AA /* HFNetworkDemoUITests.m */,
				A7CD0B9B21496EF900F9D3AA /* Info.plist */,
			);
			path = HFNetworkDemoUITests;
			sourceTree = "<group>";
		};
		A7CD0BA7214A1BD300F9D3AA /* HFNetwork */ = {
			isa = PBXGroup;
			children = (
				A7CD0BA8214A1C1300F9D3AA /* HFNetworkManager.h */,
				A7CD0BA9214A1C1300F9D3AA /* HFNetworkManager.m */,
				A7CD0BAB214A2C7C00F9D3AA /* HFRequestModel.h */,
				A7CD0BAC214A2C7C00F9D3AA /* HFRequestModel.m */,
				A7CD0BB8214A463D00F9D3AA /* HFNetLocalCache.h */,
				A7CD0BB9214A463D00F9D3AA /* HFNetLocalCache.m */,
				A7CD0BAE214A2F1700F9D3AA /* HFMD5Convert.h */,
				A7CD0BAF214A2F1700F9D3AA /* HFMD5Convert.m */,
			);
			path = HFNetwork;
			sourceTree = "<group>";
		};
		A7CD0BBB214A5FAB00F9D3AA /* Network+hook */ = {
			isa = PBXGroup;
			children = (
				A7CD0BB6214A3C7D00F9D3AA /* Foundation+Log.m */,
				A7CD0BBC214A5FD600F9D3AA /* AppDelegate+NetworkCache.h */,
				A7CD0BBD214A5FD600F9D3AA /* AppDelegate+NetworkCache.m */,
				A7CD0BBF214A603E00F9D3AA /* AppDelegate+NetworkException.h */,
				A7CD0BC0214A603E00F9D3AA /* AppDelegate+NetworkException.m */,
			);
			path = "Network+hook";
			sourceTree = "<group>";
		};
		EF2E74EB640E46C2C31FDA1A /* Frameworks */ = {
			isa = PBXGroup;
			children = (
				2CEC5264A45FAA49162FD065 /* libPods-HFNetworkDemo.a */,
				C38240C107074C2DE4C27CE1 /* libPods-HFNetworkDemoTests.a */,
				EF9B269FCCDAC4B86C778C35 /* libPods-HFNetworkDemoUITests.a */,
			);
			name = Frameworks;
			sourceTree = "<group>";
		};
/* End PBXGroup section */

/* Begin PBXNativeTarget section */
		A7CD0B7121496EF700F9D3AA /* HFNetworkDemo */ = {
			isa = PBXNativeTarget;
			buildConfigurationList = A7CD0B9E21496EF900F9D3AA /* Build configuration list for PBXNativeTarget "HFNetworkDemo" */;
			buildPhases = (
				75106027275921ACF7C0C3CC /* [CP] Check Pods Manifest.lock */,
				A7CD0B6E21496EF700F9D3AA /* Sources */,
				A7CD0B6F21496EF700F9D3AA /* Frameworks */,
				A7CD0B7021496EF700F9D3AA /* Resources */,
			);
			buildRules = (
			);
			dependencies = (
			);
			name = HFNetworkDemo;
			productName = HFNetworkDemo;
			productReference = A7CD0B7221496EF700F9D3AA /* HFNetworkDemo.app */;
			productType = "com.apple.product-type.application";
		};
		A7CD0B8921496EF900F9D3AA /* HFNetworkDemoTests */ = {
			isa = PBXNativeTarget;
			buildConfigurationList = A7CD0BA121496EF900F9D3AA /* Build configuration list for PBXNativeTarget "HFNetworkDemoTests" */;
			buildPhases = (
				D98726E86704C9DD3C705C3A /* [CP] Check Pods Manifest.lock */,
				A7CD0B8621496EF900F9D3AA /* Sources */,
				A7CD0B8721496EF900F9D3AA /* Frameworks */,
				A7CD0B8821496EF900F9D3AA /* Resources */,
			);
			buildRules = (
			);
			dependencies = (
				A7CD0B8C21496EF900F9D3AA /* PBXTargetDependency */,
			);
			name = HFNetworkDemoTests;
			productName = HFNetworkDemoTests;
			productReference = A7CD0B8A21496EF900F9D3AA /* HFNetworkDemoTests.xctest */;
			productType = "com.apple.product-type.bundle.unit-test";
		};
		A7CD0B9421496EF900F9D3AA /* HFNetworkDemoUITests */ = {
			isa = PBXNativeTarget;
			buildConfigurationList = A7CD0BA421496EF900F9D3AA /* Build configuration list for PBXNativeTarget "HFNetworkDemoUITests" */;
			buildPhases = (
				73F3845E4BCB4E48F5B2767A /* [CP] Check Pods Manifest.lock */,
				A7CD0B9121496EF900F9D3AA /* Sources */,
				A7CD0B9221496EF900F9D3AA /* Frameworks */,
				A7CD0B9321496EF900F9D3AA /* Resources */,
			);
			buildRules = (
			);
			dependencies = (
				A7CD0B9721496EF900F9D3AA /* PBXTargetDependency */,
			);
			name = HFNetworkDemoUITests;
			productName = HFNetworkDemoUITests;
			productReference = A7CD0B9521496EF900F9D3AA /* HFNetworkDemoUITests.xctest */;
			productType = "com.apple.product-type.bundle.ui-testing";
		};
/* End PBXNativeTarget section */

/* Begin PBXProject section */
		A7CD0B6A21496EF700F9D3AA /* Project object */ = {
			isa = PBXProject;
			attributes = {
				LastUpgradeCheck = 0940;
				ORGANIZATIONNAME = CoderHF;
				TargetAttributes = {
					A7CD0B7121496EF700F9D3AA = {
						CreatedOnToolsVersion = 9.4.1;
					};
					A7CD0B8921496EF900F9D3AA = {
						CreatedOnToolsVersion = 9.4.1;
						TestTargetID = A7CD0B7121496EF700F9D3AA;
					};
					A7CD0B9421496EF900F9D3AA = {
						CreatedOnToolsVersion = 9.4.1;
						TestTargetID = A7CD0B7121496EF700F9D3AA;
					};
				};
			};
			buildConfigurationList = A7CD0B6D21496EF700F9D3AA /* Build configuration list for PBXProject "HFNetworkDemo" */;
			compatibilityVersion = "Xcode 9.3";
			developmentRegion = en;
			hasScannedForEncodings = 0;
			knownRegions = (
				en,
				Base,
			);
			mainGroup = A7CD0B6921496EF700F9D3AA;
			productRefGroup = A7CD0B7321496EF700F9D3AA /* Products */;
			projectDirPath = "";
			projectRoot = "";
			targets = (
				A7CD0B7121496EF700F9D3AA /* HFNetworkDemo */,
				A7CD0B8921496EF900F9D3AA /* HFNetworkDemoTests */,
				A7CD0B9421496EF900F9D3AA /* HFNetworkDemoUITests */,
			);
		};
/* End PBXProject section */

/* Begin PBXResourcesBuildPhase section */
		A7CD0B7021496EF700F9D3AA /* Resources */ = {
			isa = PBXResourcesBuildPhase;
			buildActionMask = 2147483647;
			files = (
				A7CD0B8221496EF900F9D3AA /* LaunchScreen.storyboard in Resources */,
				A7CD0B7F21496EF900F9D3AA /* Assets.xcassets in Resources */,
				A7CD0B7D21496EF700F9D3AA /* Main.storyboard in Resources */,
			);
			runOnlyForDeploymentPostprocessing = 0;
		};
		A7CD0B8821496EF900F9D3AA /* Resources */ = {
			isa = PBXResourcesBuildPhase;
			buildActionMask = 2147483647;
			files = (
			);
			runOnlyForDeploymentPostprocessing = 0;
		};
		A7CD0B9321496EF900F9D3AA /* Resources */ = {
			isa = PBXResourcesBuildPhase;
			buildActionMask = 2147483647;
			files = (
			);
			runOnlyForDeploymentPostprocessing = 0;
		};
/* End PBXResourcesBuildPhase section */

/* Begin PBXShellScriptBuildPhase section */
		73F3845E4BCB4E48F5B2767A /* [CP] Check Pods Manifest.lock */ = {
			isa = PBXShellScriptBuildPhase;
			buildActionMask = 2147483647;
			files = (
			);
			inputPaths = (
				"${PODS_PODFILE_DIR_PATH}/Podfile.lock",
				"${PODS_ROOT}/Manifest.lock",
			);
			name = "[CP] Check Pods Manifest.lock";
			outputPaths = (
				"$(DERIVED_FILE_DIR)/Pods-HFNetworkDemoUITests-checkManifestLockResult.txt",
			);
			runOnlyForDeploymentPostprocessing = 0;
			shellPath = /bin/sh;
			shellScript = "diff \"${PODS_PODFILE_DIR_PATH}/Podfile.lock\" \"${PODS_ROOT}/Manifest.lock\" > /dev/null\nif [ $? != 0 ] ; then\n    # print error to STDERR\n    echo \"error: The sandbox is not in sync with the Podfile.lock. Run 'pod install' or update your CocoaPods installation.\" >&2\n    exit 1\nfi\n# This output is used by Xcode 'outputs' to avoid re-running this script phase.\necho \"SUCCESS\" > \"${SCRIPT_OUTPUT_FILE_0}\"\n";
			showEnvVarsInLog = 0;
		};
		75106027275921ACF7C0C3CC /* [CP] Check Pods Manifest.lock */ = {
			isa = PBXShellScriptBuildPhase;
			buildActionMask = 2147483647;
			files = (
			);
			inputPaths = (
				"${PODS_PODFILE_DIR_PATH}/Podfile.lock",
				"${PODS_ROOT}/Manifest.lock",
			);
			name = "[CP] Check Pods Manifest.lock";
			outputPaths = (
				"$(DERIVED_FILE_DIR)/Pods-HFNetworkDemo-checkManifestLockResult.txt",
			);
			runOnlyForDeploymentPostprocessing = 0;
			shellPath = /bin/sh;
			shellScript = "diff \"${PODS_PODFILE_DIR_PATH}/Podfile.lock\" \"${PODS_ROOT}/Manifest.lock\" > /dev/null\nif [ $? != 0 ] ; then\n    # print error to STDERR\n    echo \"error: The sandbox is not in sync with the Podfile.lock. Run 'pod install' or update your CocoaPods installation.\" >&2\n    exit 1\nfi\n# This output is used by Xcode 'outputs' to avoid re-running this script phase.\necho \"SUCCESS\" > \"${SCRIPT_OUTPUT_FILE_0}\"\n";
			showEnvVarsInLog = 0;
		};
		D98726E86704C9DD3C705C3A /* [CP] Check Pods Manifest.lock */ = {
			isa = PBXShellScriptBuildPhase;
			buildActionMask = 2147483647;
			files = (
			);
			inputPaths = (
				"${PODS_PODFILE_DIR_PATH}/Podfile.lock",
				"${PODS_ROOT}/Manifest.lock",
			);
			name = "[CP] Check Pods Manifest.lock";
			outputPaths = (
				"$(DERIVED_FILE_DIR)/Pods-HFNetworkDemoTests-checkManifestLockResult.txt",
			);
			runOnlyForDeploymentPostprocessing = 0;
			shellPath = /bin/sh;
			shellScript = "diff \"${PODS_PODFILE_DIR_PATH}/Podfile.lock\" \"${PODS_ROOT}/Manifest.lock\" > /dev/null\nif [ $? != 0 ] ; then\n    # print error to STDERR\n    echo \"error: The sandbox is not in sync with the Podfile.lock. Run 'pod install' or update your CocoaPods installation.\" >&2\n    exit 1\nfi\n# This output is used by Xcode 'outputs' to avoid re-running this script phase.\necho \"SUCCESS\" > \"${SCRIPT_OUTPUT_FILE_0}\"\n";
			showEnvVarsInLog = 0;
		};
/* End PBXShellScriptBuildPhase section */

/* Begin PBXSourcesBuildPhase section */
		A7CD0B6E21496EF700F9D3AA /* Sources */ = {
			isa = PBXSourcesBuildPhase;
			buildActionMask = 2147483647;
			files = (
				A7CD0BBA214A463D00F9D3AA /* HFNetLocalCache.m in Sources */,
				A7CD0BBE214A5FD600F9D3AA /* AppDelegate+NetworkCache.m in Sources */,
				A7CD0BAA214A1C1300F9D3AA /* HFNetworkManager.m in Sources */,
				A7CD0BB7214A3C7D00F9D3AA /* Foundation+Log.m in Sources */,
				A7CD0BAD214A2C7C00F9D3AA /* HFRequestModel.m in Sources */,
				A7CD0B7A21496EF700F9D3AA /* ViewController.m in Sources */,
				A7CD0B8521496EF900F9D3AA /* main.m in Sources */,
				A7CD0BC1214A603E00F9D3AA /* AppDelegate+NetworkException.m in Sources */,
				A7CD0BB0214A2F1700F9D3AA /* HFMD5Convert.m in Sources */,
				A7CD0B7721496EF700F9D3AA /* AppDelegate.m in Sources */,
			);
			runOnlyForDeploymentPostprocessing = 0;
		};
		A7CD0B8621496EF900F9D3AA /* Sources */ = {
			isa = PBXSourcesBuildPhase;
			buildActionMask = 2147483647;
			files = (
				A7CD0B8F21496EF900F9D3AA /* HFNetworkDemoTests.m in Sources */,
			);
			runOnlyForDeploymentPostprocessing = 0;
		};
		A7CD0B9121496EF900F9D3AA /* Sources */ = {
			isa = PBXSourcesBuildPhase;
			buildActionMask = 2147483647;
			files = (
				A7CD0B9A21496EF900F9D3AA /* HFNetworkDemoUITests.m in Sources */,
			);
			runOnlyForDeploymentPostprocessing = 0;
		};
/* End PBXSourcesBuildPhase section */

/* Begin PBXTargetDependency section */
		A7CD0B8C21496EF900F9D3AA /* PBXTargetDependency */ = {
			isa = PBXTargetDependency;
			target = A7CD0B7121496EF700F9D3AA /* HFNetworkDemo */;
			targetProxy = A7CD0B8B21496EF900F9D3AA /* PBXContainerItemProxy */;
		};
		A7CD0B9721496EF900F9D3AA /* PBXTargetDependency */ = {
			isa = PBXTargetDependency;
			target = A7CD0B7121496EF700F9D3AA /* HFNetworkDemo */;
			targetProxy = A7CD0B9621496EF900F9D3AA /* PBXContainerItemProxy */;
		};
/* End PBXTargetDependency section */

/* Begin PBXVariantGroup section */
		A7CD0B7B21496EF700F9D3AA /* Main.storyboard */ = {
			isa = PBXVariantGroup;
			children = (
				A7CD0B7C21496EF700F9D3AA /* Base */,
			);
			name = Main.storyboard;
			sourceTree = "<group>";
		};
		A7CD0B8021496EF900F9D3AA /* LaunchScreen.storyboard */ = {
			isa = PBXVariantGroup;
			children = (
				A7CD0B8121496EF900F9D3AA /* Base */,
			);
			name = LaunchScreen.storyboard;
			sourceTree = "<group>";
		};
/* End PBXVariantGroup section */

/* Begin XCBuildConfiguration section */
		A7CD0B9C21496EF900F9D3AA /* Debug */ = {
			isa = XCBuildConfiguration;
			buildSettings = {
				ALWAYS_SEARCH_USER_PATHS = NO;
				CLANG_ANALYZER_NONNULL = YES;
				CLANG_ANALYZER_NUMBER_OBJECT_CONVERSION = YES_AGGRESSIVE;
				CLANG_CXX_LANGUAGE_STANDARD = "gnu++14";
				CLANG_CXX_LIBRARY = "libc++";
				CLANG_ENABLE_MODULES = YES;
				CLANG_ENABLE_OBJC_ARC = YES;
				CLANG_ENABLE_OBJC_WEAK = YES;
				CLANG_WARN_BLOCK_CAPTURE_AUTORELEASING = YES;
				CLANG_WARN_BOOL_CONVERSION = YES;
				CLANG_WARN_COMMA = YES;
				CLANG_WARN_CONSTANT_CONVERSION = YES;
				CLANG_WARN_DEPRECATED_OBJC_IMPLEMENTATIONS = YES;
				CLANG_WARN_DIRECT_OBJC_ISA_USAGE = YES_ERROR;
				CLANG_WARN_DOCUMENTATION_COMMENTS = YES;
				CLANG_WARN_EMPTY_BODY = YES;
				CLANG_WARN_ENUM_CONVERSION = YES;
				CLANG_WARN_INFINITE_RECURSION = YES;
				CLANG_WARN_INT_CONVERSION = YES;
				CLANG_WARN_NON_LITERAL_NULL_CONVERSION = YES;
				CLANG_WARN_OBJC_IMPLICIT_RETAIN_SELF = YES;
				CLANG_WARN_OBJC_LITERAL_CONVERSION = YES;
				CLANG_WARN_OBJC_ROOT_CLASS = YES_ERROR;
				CLANG_WARN_RANGE_LOOP_ANALYSIS = YES;
				CLANG_WARN_STRICT_PROTOTYPES = YES;
				CLANG_WARN_SUSPICIOUS_MOVE = YES;
				CLANG_WARN_UNGUARDED_AVAILABILITY = YES_AGGRESSIVE;
				CLANG_WARN_UNREACHABLE_CODE = YES;
				CLANG_WARN__DUPLICATE_METHOD_MATCH = YES;
				CODE_SIGN_IDENTITY = "iPhone Developer";
				COPY_PHASE_STRIP = NO;
				DEBUG_INFORMATION_FORMAT = dwarf;
				ENABLE_STRICT_OBJC_MSGSEND = YES;
				ENABLE_TESTABILITY = YES;
				GCC_C_LANGUAGE_STANDARD = gnu11;
				GCC_DYNAMIC_NO_PIC = NO;
				GCC_NO_COMMON_BLOCKS = YES;
				GCC_OPTIMIZATION_LEVEL = 0;
				GCC_PREPROCESSOR_DEFINITIONS = (
					"DEBUG=1",
					"$(inherited)",
				);
				GCC_WARN_64_TO_32_BIT_CONVERSION = YES;
				GCC_WARN_ABOUT_RETURN_TYPE = YES_ERROR;
				GCC_WARN_UNDECLARED_SELECTOR = YES;
				GCC_WARN_UNINITIALIZED_AUTOS = YES_AGGRESSIVE;
				GCC_WARN_UNUSED_FUNCTION = YES;
				GCC_WARN_UNUSED_VARIABLE = YES;
				IPHONEOS_DEPLOYMENT_TARGET = 11.4;
				MTL_ENABLE_DEBUG_INFO = YES;
				ONLY_ACTIVE_ARCH = YES;
				SDKROOT = iphoneos;
			};
			name = Debug;
		};
		A7CD0B9D21496EF900F9D3AA /* Release */ = {
			isa = XCBuildConfiguration;
			buildSettings = {
				ALWAYS_SEARCH_USER_PATHS = NO;
				CLANG_ANALYZER_NONNULL = YES;
				CLANG_ANALYZER_NUMBER_OBJECT_CONVERSION = YES_AGGRESSIVE;
				CLANG_CXX_LANGUAGE_STANDARD = "gnu++14";
				CLANG_CXX_LIBRARY = "libc++";
				CLANG_ENABLE_MODULES = YES;
				CLANG_ENABLE_OBJC_ARC = YES;
				CLANG_ENABLE_OBJC_WEAK = YES;
				CLANG_WARN_BLOCK_CAPTURE_AUTORELEASING = YES;
				CLANG_WARN_BOOL_CONVERSION = YES;
				CLANG_WARN_COMMA = YES;
				CLANG_WARN_CONSTANT_CONVERSION = YES;
				CLANG_WARN_DEPRECATED_OBJC_IMPLEMENTATIONS = YES;
				CLANG_WARN_DIRECT_OBJC_ISA_USAGE = YES_ERROR;
				CLANG_WARN_DOCUMENTATION_COMMENTS = YES;
				CLANG_WARN_EMPTY_BODY = YES;
				CLANG_WARN_ENUM_CONVERSION = YES;
				CLANG_WARN_INFINITE_RECURSION = YES;
				CLANG_WARN_INT_CONVERSION = YES;
				CLANG_WARN_NON_LITERAL_NULL_CONVERSION = YES;
				CLANG_WARN_OBJC_IMPLICIT_RETAIN_SELF = YES;
				CLANG_WARN_OBJC_LITERAL_CONVERSION = YES;
				CLANG_WARN_OBJC_ROOT_CLASS = YES_ERROR;
				CLANG_WARN_RANGE_LOOP_ANALYSIS = YES;
				CLANG_WARN_STRICT_PROTOTYPES = YES;
				CLANG_WARN_SUSPICIOUS_MOVE = YES;
				CLANG_WARN_UNGUARDED_AVAILABILITY = YES_AGGRESSIVE;
				CLANG_WARN_UNREACHABLE_CODE = YES;
				CLANG_WARN__DUPLICATE_METHOD_MATCH = YES;
				CODE_SIGN_IDENTITY = "iPhone Developer";
				COPY_PHASE_STRIP = NO;
				DEBUG_INFORMATION_FORMAT = "dwarf-with-dsym";
				ENABLE_NS_ASSERTIONS = NO;
				ENABLE_STRICT_OBJC_MSGSEND = YES;
				GCC_C_LANGUAGE_STANDARD = gnu11;
				GCC_NO_COMMON_BLOCKS = YES;
				GCC_WARN_64_TO_32_BIT_CONVERSION = YES;
				GCC_WARN_ABOUT_RETURN_TYPE = YES_ERROR;
				GCC_WARN_UNDECLARED_SELECTOR = YES;
				GCC_WARN_UNINITIALIZED_AUTOS = YES_AGGRESSIVE;
				GCC_WARN_UNUSED_FUNCTION = YES;
				GCC_WARN_UNUSED_VARIABLE = YES;
				IPHONEOS_DEPLOYMENT_TARGET = 11.4;
				MTL_ENABLE_DEBUG_INFO = NO;
				SDKROOT = iphoneos;
				VALIDATE_PRODUCT = YES;
			};
			name = Release;
		};
		A7CD0B9F21496EF900F9D3AA /* Debug */ = {
			isa = XCBuildConfiguration;
			baseConfigurationReference = 635D31851FBF78CDF427C95B /* Pods-HFNetworkDemo.debug.xcconfig */;
			buildSettings = {
				ASSETCATALOG_COMPILER_APPICON_NAME = AppIcon;
				CODE_SIGN_STYLE = Automatic;
				INFOPLIST_FILE = HFNetworkDemo/Info.plist;
				LD_RUNPATH_SEARCH_PATHS = (
					"$(inherited)",
					"@executable_path/Frameworks",
				);
				PRODUCT_BUNDLE_IDENTIFIER = com.HFNetworkDemo;
				PRODUCT_NAME = "$(TARGET_NAME)";
				TARGETED_DEVICE_FAMILY = "1,2";
			};
			name = Debug;
		};
		A7CD0BA021496EF900F9D3AA /* Release */ = {
			isa = XCBuildConfiguration;
			baseConfigurationReference = F278B767510D1716E2713F8C /* Pods-HFNetworkDemo.release.xcconfig */;
			buildSettings = {
				ASSETCATALOG_COMPILER_APPICON_NAME = AppIcon;
				CODE_SIGN_STYLE = Automatic;
				INFOPLIST_FILE = HFNetworkDemo/Info.plist;
				LD_RUNPATH_SEARCH_PATHS = (
					"$(inherited)",
					"@executable_path/Frameworks",
				);
				PRODUCT_BUNDLE_IDENTIFIER = com.HFNetworkDemo;
				PRODUCT_NAME = "$(TARGET_NAME)";
				TARGETED_DEVICE_FAMILY = "1,2";
			};
			name = Release;
		};
		A7CD0BA221496EF900F9D3AA /* Debug */ = {
			isa = XCBuildConfiguration;
			baseConfigurationReference = A464F8D5305305787B8F7A11 /* Pods-HFNetworkDemoTests.debug.xcconfig */;
			buildSettings = {
				BUNDLE_LOADER = "$(TEST_HOST)";
				CODE_SIGN_STYLE = Automatic;
				INFOPLIST_FILE = HFNetworkDemoTests/Info.plist;
				LD_RUNPATH_SEARCH_PATHS = (
					"$(inherited)",
					"@executable_path/Frameworks",
					"@loader_path/Frameworks",
				);
				PRODUCT_BUNDLE_IDENTIFIER = com.HFNetworkDemoTests;
				PRODUCT_NAME = "$(TARGET_NAME)";
				TARGETED_DEVICE_FAMILY = "1,2";
				TEST_HOST = "$(BUILT_PRODUCTS_DIR)/HFNetworkDemo.app/HFNetworkDemo";
			};
			name = Debug;
		};
		A7CD0BA321496EF900F9D3AA /* Release */ = {
			isa = XCBuildConfiguration;
			baseConfigurationReference = 18C333468D0BA6D0215C8ED4 /* Pods-HFNetworkDemoTests.release.xcconfig */;
			buildSettings = {
				BUNDLE_LOADER = "$(TEST_HOST)";
				CODE_SIGN_STYLE = Automatic;
				INFOPLIST_FILE = HFNetworkDemoTests/Info.plist;
				LD_RUNPATH_SEARCH_PATHS = (
					"$(inherited)",
					"@executable_path/Frameworks",
					"@loader_path/Frameworks",
				);
				PRODUCT_BUNDLE_IDENTIFIER = com.HFNetworkDemoTests;
				PRODUCT_NAME = "$(TARGET_NAME)";
				TARGETED_DEVICE_FAMILY = "1,2";
				TEST_HOST = "$(BUILT_PRODUCTS_DIR)/HFNetworkDemo.app/HFNetworkDemo";
			};
			name = Release;
		};
		A7CD0BA521496EF900F9D3AA /* Debug */ = {
			isa = XCBuildConfiguration;
			baseConfigurationReference = 6E6C8F904502C5F1B36D991C /* Pods-HFNetworkDemoUITests.debug.xcconfig */;
			buildSettings = {
				CODE_SIGN_STYLE = Automatic;
				INFOPLIST_FILE = HFNetworkDemoUITests/Info.plist;
				LD_RUNPATH_SEARCH_PATHS = (
					"$(inherited)",
					"@executable_path/Frameworks",
					"@loader_path/Frameworks",
				);
				PRODUCT_BUNDLE_IDENTIFIER = com.HFNetworkDemoUITests;
				PRODUCT_NAME = "$(TARGET_NAME)";
				TARGETED_DEVICE_FAMILY = "1,2";
				TEST_TARGET_NAME = HFNetworkDemo;
			};
			name = Debug;
		};
		A7CD0BA621496EF900F9D3AA /* Release */ = {
			isa = XCBuildConfiguration;
			baseConfigurationReference = 1A974BB4AE876C21B7ED7354 /* Pods-HFNetworkDemoUITests.release.xcconfig */;
			buildSettings = {
				CODE_SIGN_STYLE = Automatic;
				INFOPLIST_FILE = HFNetworkDemoUITests/Info.plist;
				LD_RUNPATH_SEARCH_PATHS = (
					"$(inherited)",
					"@executable_path/Frameworks",
					"@loader_path/Frameworks",
				);
				PRODUCT_BUNDLE_IDENTIFIER = com.HFNetworkDemoUITests;
				PRODUCT_NAME = "$(TARGET_NAME)";
				TARGETED_DEVICE_FAMILY = "1,2";
				TEST_TARGET_NAME = HFNetworkDemo;
			};
			name = Release;
		};
/* End XCBuildConfiguration section */

/* Begin XCConfigurationList section */
		A7CD0B6D21496EF700F9D3AA /* Build configuration list for PBXProject "HFNetworkDemo" */ = {
			isa = XCConfigurationList;
			buildConfigurations = (
				A7CD0B9C21496EF900F9D3AA /* Debug */,
				A7CD0B9D21496EF900F9D3AA /* Release */,
			);
			defaultConfigurationIsVisible = 0;
			defaultConfigurationName = Release;
		};
		A7CD0B9E21496EF900F9D3AA /* Build configuration list for PBXNativeTarget "HFNetworkDemo" */ = {
			isa = XCConfigurationList;
			buildConfigurations = (
				A7CD0B9F21496EF900F9D3AA /* Debug */,
				A7CD0BA021496EF900F9D3AA /* Release */,
			);
			defaultConfigurationIsVisible = 0;
			defaultConfigurationName = Release;
		};
		A7CD0BA121496EF900F9D3AA /* Build configuration list for PBXNativeTarget "HFNetworkDemoTests" */ = {
			isa = XCConfigurationList;
			buildConfigurations = (
				A7CD0BA221496EF900F9D3AA /* Debug */,
				A7CD0BA321496EF900F9D3AA /* Release */,
			);
			defaultConfigurationIsVisible = 0;
			defaultConfigurationName = Release;
		};
		A7CD0BA421496EF900F9D3AA /* Build configuration list for PBXNativeTarget "HFNetworkDemoUITests" */ = {
			isa = XCConfigurationList;
			buildConfigurations = (
				A7CD0BA521496EF900F9D3AA /* Debug */,
				A7CD0BA621496EF900F9D3AA /* Release */,
			);
			defaultConfigurationIsVisible = 0;
			defaultConfigurationName = Release;
		};
/* End XCConfigurationList section */
	};
	rootObject = A7CD0B6A21496EF700F9D3AA /* Project object */;
}
